lockfileVersion: '9.0'

settings:
  autoInstallPeers: true
  excludeLinksFromLockfile: false

importers:

  .:
    dependencies:
      cbor:
        specifier: ^10.0.4
        version: 10.0.11
    devDependencies:
      '@types/node':
        specifier: ^22.10.7
        version: 22.19.7
      typescript:
        specifier: ^5.7.3
        version: 5.9.3

packages:

  '@types/node@22.19.7':
    resolution: {integrity: sha512-MciR4AKGHWl7xwxkBa6xUGxQJ4VBOmPTF7sL+iGzuahOFaO0jHCsuEfS80pan1ef4gWId1oWOweIhrDEYLuaOw==}

  cbor@10.0.11:
    resolution: {integrity: sha512-vIwORDd/WyB8Nc23o2zNN5RrtFGlR6Fca61TtjkUXueI3Jf2DOZDl1zsshvBntZ3wZHBM9ztjnkXSmzQDaq3WA==}
    engines: {node: '>=20'}

  nofilter@3.1.0:
    resolution: {integrity: sha512-l2NNj07e9afPnhAhvgVrCD/oy2Ai1yfLpuo3EpiO1jFTsB4sFz6oIfAfSZyQzVpkZQ9xS8ZS5g1jCBgq4Hwo0g==}
    engines: {node: '>=12.19'}

  typescript@5.9.3:
    resolution: {integrity: sha512-jl1vZzPDinLr9eUt3J/t7V6FgNEw9QjvBPdysz9KfQDD41fQrC2Y4vKQdiaUpFT4bXlb1RHhLpp8wtm6M5TgSw==}
    engines: {node: '>=14.17'}
    hasBin: true

  undici-types@6.21.0:
    resolution: {integrity: sha512-iwDZqg0QAGrg9Rav5H4n0M64c3mkR59cJ6wQp+7C4nI0gsmExaedaYLNO44eT4AtBBwjbTiGPMlt2Md0T9H9JQ==}

snapshots:

  '@types/node@22.19.7':
    dependencies:
      undici-types: 6.21.0

  cbor@10.0.11:
    dependencies:
      nofilter: 3.1.0

  nofilter@3.1.0: {}

  typescript@5.9.3: {}

  undici-types@6.21.0: {}
